a:5:{s:5:"doing";s:15:"Sending Archive";s:8:"item_key";i:1375987697;s:13:"data_item_key";i:1375987697;s:10:"time_start";i:1376399539;s:3:"pid";i:27025;}
:"has_lock";b:1;s:9:"file_name";s:119:"/home/deployer/sites/new-wordpress-site.com/wp-content/uploads/snapshots/snapshot-1375987697-130808-184817-898babf6.zip";s:9:"file_size";i:2705629;}
